{
  "name": "dbc-news-api-2",
  "lockfileVersion": 2,
  "requires": true,
  "packages": {
    "": {
      "dependencies": {
        "vue-content-placeholders": "^0.2.1"
      }
    },
    "node_modules/vue-content-placeholders": {
      "version": "0.2.1",
      "resolved": "https://registry.npmjs.org/vue-content-placeholders/-/vue-content-placeholders-0.2.1.tgz",
      "integrity": "sha512-Q+HPjuY98R0fLQ45eOOCYeMY7vpjU1H/Qqs0ptdBI6xe3nDDsPE4r/kN5YA9rVxQFP/PKhG5qQR4rqy02xPabw=="
    }
  },
  "dependencies": {
    "vue-content-placeholders": {
      "version": "0.2.1",
      "resolved": "https://registry.npmjs.org/vue-content-placeholders/-/vue-content-placeholders-0.2.1.tgz",
      "integrity": "sha512-Q+HPjuY98R0fLQ45eOOCYeMY7vpjU1H/Qqs0ptdBI6xe3nDDsPE4r/kN5YA9rVxQFP/PKhG5qQR4rqy02xPabw=="
    }
  }
}
